
Microsoft Visual Studio Solution File, Format Version 12.00
# Visual Studio Version 17
VisualStudioVersion = 17.3.32929.385
MinimumVisualStudioVersion = 10.0.40219.1
Project("{FAE04EC0-301F-11D3-BF4B-00C04F79EFBC}") = "DesktopApp", "DesktopApp\DesktopApp.csproj", "{EAB31B39-2389-47FC-8DEB-DFA8EEEB65E8}"
EndProject
Global
	GlobalSection(SolutionConfigurationPlatforms) = preSolution
		Debug|Any CPU = Debug|Any CPU
		Release|Any CPU = Release|Any CPU
	EndGlobalSection
	GlobalSection(ProjectConfigurationPlatforms) = postSolution
		{EAB31B39-2389-47FC-8DEB-DFA8EEEB65E8}.Debug|Any CPU.ActiveCfg = Debug|Any CPU
		{EAB31B39-2389-47FC-8DEB-DFA8EEEB65E8}.Debug|Any CPU.Build.0 = Debug|Any CPU
		{EAB31B39-2389-47FC-8DEB-DFA8EEEB65E8}.Release|Any CPU.ActiveCfg = Release|Any CPU
		{EAB31B39-2389-47FC-8DEB-DFA8EEEB65E8}.Release|Any CPU.Build.0 = Release|Any CPU
	EndGlobalSection
	GlobalSection(SolutionProperties) = preSolution
		HideSolutionNode = FALSE
	EndGlobalSection
	GlobalSection(ExtensibilityGlobals) = postSolution
		SolutionGuid = {372AE63C-EFBF-435C-9194-36CF14B5335F}
	EndGlobalSection
EndGlobal
